
Microsoft Visual Studio Solution File, Format Version 12.00
# Visual Studio Version 17
VisualStudioVersion = 17.11.35327.3
MinimumVisualStudioVersion = 10.0.40219.1
Project("{FAE04EC0-301F-11D3-BF4B-00C04F79EFBC}") = "NumaricUpDown", "NumaricUpDown.csproj", "{4A7A080B-795C-4525-8A58-0C2BC970AB5D}"
EndProject
Global
	GlobalSection(SolutionConfigurationPlatforms) = preSolution
		Debug|Any CPU = Debug|Any CPU
		Release|Any CPU = Release|Any CPU
	EndGlobalSection
	GlobalSection(ProjectConfigurationPlatforms) = postSolution
		{4A7A080B-795C-4525-8A58-0C2BC970AB5D}.Debug|Any CPU.ActiveCfg = Debug|Any CPU
		{4A7A080B-795C-4525-8A58-0C2BC970AB5D}.Debug|Any CPU.Build.0 = Debug|Any CPU
		{4A7A080B-795C-4525-8A58-0C2BC970AB5D}.Release|Any CPU.ActiveCfg = Release|Any CPU
		{4A7A080B-795C-4525-8A58-0C2BC970AB5D}.Release|Any CPU.Build.0 = Release|Any CPU
	EndGlobalSection
	GlobalSection(SolutionProperties) = preSolution
		HideSolutionNode = FALSE
	EndGlobalSection
	GlobalSection(ExtensibilityGlobals) = postSolution
		SolutionGuid = {A19F659D-D3CC-4305-8D3E-0633F657A785}
	EndGlobalSection
EndGlobal
