
Microsoft Visual Studio Solution File, Format Version 12.00
# Visual Studio Version 17
VisualStudioVersion = 17.11.35327.3
MinimumVisualStudioVersion = 10.0.40219.1
Project("{FAE04EC0-301F-11D3-BF4B-00C04F79EFBC}") = "DateTimePicker", "DateTimePicker.csproj", "{3D6ABF41-AD3F-4C78-A811-48CE61DF88DB}"
EndProject
Global
	GlobalSection(SolutionConfigurationPlatforms) = preSolution
		Debug|Any CPU = Debug|Any CPU
		Release|Any CPU = Release|Any CPU
	EndGlobalSection
	GlobalSection(ProjectConfigurationPlatforms) = postSolution
		{3D6ABF41-AD3F-4C78-A811-48CE61DF88DB}.Debug|Any CPU.ActiveCfg = Debug|Any CPU
		{3D6ABF41-AD3F-4C78-A811-48CE61DF88DB}.Debug|Any CPU.Build.0 = Debug|Any CPU
		{3D6ABF41-AD3F-4C78-A811-48CE61DF88DB}.Release|Any CPU.ActiveCfg = Release|Any CPU
		{3D6ABF41-AD3F-4C78-A811-48CE61DF88DB}.Release|Any CPU.Build.0 = Release|Any CPU
	EndGlobalSection
	GlobalSection(SolutionProperties) = preSolution
		HideSolutionNode = FALSE
	EndGlobalSection
	GlobalSection(ExtensibilityGlobals) = postSolution
		SolutionGuid = {522C62D6-56E5-4827-9C96-1F8EF6370D27}
	EndGlobalSection
EndGlobal
